
Microsoft Visual Studio Solution File, Format Version 12.00
# Visual Studio Version 17
VisualStudioVersion = 17.8.34316.72
MinimumVisualStudioVersion = 10.0.40219.1
Project("{FAE04EC0-301F-11D3-BF4B-00C04F79EFBC}") = "partition-array-for-maximum-sum", "partition-array-for-maximum-sum\partition-array-for-maximum-sum.csproj", "{947E6595-9DF5-4BA1-BC4A-26C036CB93FC}"
EndProject
Global
	GlobalSection(SolutionConfigurationPlatforms) = preSolution
		Debug|Any CPU = Debug|Any CPU
		Release|Any CPU = Release|Any CPU
	EndGlobalSection
	GlobalSection(ProjectConfigurationPlatforms) = postSolution
		{947E6595-9DF5-4BA1-BC4A-26C036CB93FC}.Debug|Any CPU.ActiveCfg = Debug|Any CPU
		{947E6595-9DF5-4BA1-BC4A-26C036CB93FC}.Debug|Any CPU.Build.0 = Debug|Any CPU
		{947E6595-9DF5-4BA1-BC4A-26C036CB93FC}.Release|Any CPU.ActiveCfg = Release|Any CPU
		{947E6595-9DF5-4BA1-BC4A-26C036CB93FC}.Release|Any CPU.Build.0 = Release|Any CPU
	EndGlobalSection
	GlobalSection(SolutionProperties) = preSolution
		HideSolutionNode = FALSE
	EndGlobalSection
	GlobalSection(ExtensibilityGlobals) = postSolution
		SolutionGuid = {2108D82B-01B4-47AC-AFC8-03040E8F81DC}
	EndGlobalSection
EndGlobal
